
Microsoft Visual Studio Solution File, Format Version 12.00
# Visual Studio Version 16
VisualStudioVersion = 16.0.29209.62
MinimumVisualStudioVersion = 10.0.40219.1
Project("{FAE04EC0-301F-11D3-BF4B-00C04F79EFBC}") = "iterations-Pretest", "iterations\iterations-Pretest.csproj", "{36D9DB77-AC65-4A9E-9B8A-B4AE22307A2B}"
EndProject
Project("{FAE04EC0-301F-11D3-BF4B-00C04F79EFBC}") = "iterations-Post test", "iterations-Post test\iterations-Post test.csproj", "{F6749FC0-D342-4938-A7C9-266F69B4BE30}"
EndProject
Project("{FAE04EC0-301F-11D3-BF4B-00C04F79EFBC}") = "menuloop", "menuloop\menuloop.csproj", "{E2C6AE6D-FBD8-4B6E-B3AE-DF7DDA10B24F}"
EndProject
Project("{FAE04EC0-301F-11D3-BF4B-00C04F79EFBC}") = "ex5", "ex5\ex5.csproj", "{9BD8F41A-BA52-4E05-9EFA-A93D2042DB64}"
EndProject
Global
	GlobalSection(SolutionConfigurationPlatforms) = preSolution
		Debug|Any CPU = Debug|Any CPU
		Release|Any CPU = Release|Any CPU
	EndGlobalSection
	GlobalSection(ProjectConfigurationPlatforms) = postSolution
		{36D9DB77-AC65-4A9E-9B8A-B4AE22307A2B}.Debug|Any CPU.ActiveCfg = Debug|Any CPU
		{36D9DB77-AC65-4A9E-9B8A-B4AE22307A2B}.Debug|Any CPU.Build.0 = Debug|Any CPU
		{36D9DB77-AC65-4A9E-9B8A-B4AE22307A2B}.Release|Any CPU.ActiveCfg = Release|Any CPU
		{36D9DB77-AC65-4A9E-9B8A-B4AE22307A2B}.Release|Any CPU.Build.0 = Release|Any CPU
		{F6749FC0-D342-4938-A7C9-266F69B4BE30}.Debug|Any CPU.ActiveCfg = Debug|Any CPU
		{F6749FC0-D342-4938-A7C9-266F69B4BE30}.Debug|Any CPU.Build.0 = Debug|Any CPU
		{F6749FC0-D342-4938-A7C9-266F69B4BE30}.Release|Any CPU.ActiveCfg = Release|Any CPU
		{F6749FC0-D342-4938-A7C9-266F69B4BE30}.Release|Any CPU.Build.0 = Release|Any CPU
		{E2C6AE6D-FBD8-4B6E-B3AE-DF7DDA10B24F}.Debug|Any CPU.ActiveCfg = Debug|Any CPU
		{E2C6AE6D-FBD8-4B6E-B3AE-DF7DDA10B24F}.Debug|Any CPU.Build.0 = Debug|Any CPU
		{E2C6AE6D-FBD8-4B6E-B3AE-DF7DDA10B24F}.Release|Any CPU.ActiveCfg = Release|Any CPU
		{E2C6AE6D-FBD8-4B6E-B3AE-DF7DDA10B24F}.Release|Any CPU.Build.0 = Release|Any CPU
		{9BD8F41A-BA52-4E05-9EFA-A93D2042DB64}.Debug|Any CPU.ActiveCfg = Debug|Any CPU
		{9BD8F41A-BA52-4E05-9EFA-A93D2042DB64}.Debug|Any CPU.Build.0 = Debug|Any CPU
		{9BD8F41A-BA52-4E05-9EFA-A93D2042DB64}.Release|Any CPU.ActiveCfg = Release|Any CPU
		{9BD8F41A-BA52-4E05-9EFA-A93D2042DB64}.Release|Any CPU.Build.0 = Release|Any CPU
	EndGlobalSection
	GlobalSection(SolutionProperties) = preSolution
		HideSolutionNode = FALSE
	EndGlobalSection
	GlobalSection(ExtensibilityGlobals) = postSolution
		SolutionGuid = {410AC717-8AC4-4A4B-9663-8049E718C356}
	EndGlobalSection
EndGlobal
