
Microsoft Visual Studio Solution File, Format Version 12.00
# Visual Studio Version 16
VisualStudioVersion = 16.0.29209.62
MinimumVisualStudioVersion = 10.0.40219.1
Project("{FAE04EC0-301F-11D3-BF4B-00C04F79EFBC}") = "FileIOBrowseDialog", "FileIO\FileIOBrowseDialog.csproj", "{9331EF5C-EDBB-4291-B41D-E8AB4D1CBE52}"
EndProject
Project("{FAE04EC0-301F-11D3-BF4B-00C04F79EFBC}") = "AbsolutePathName", "AbsolutePathName\AbsolutePathName.csproj", "{DADF5AA5-6472-4582-8FB0-B5F65BEC49D6}"
EndProject
Project("{FAE04EC0-301F-11D3-BF4B-00C04F79EFBC}") = "SpecialFolder", "SpecialFolder\SpecialFolder.csproj", "{EE625854-855C-4FE6-96B3-9EC251874223}"
EndProject
Project("{FAE04EC0-301F-11D3-BF4B-00C04F79EFBC}") = "TwoColumnFile", "TwoColumnFile\TwoColumnFile.csproj", "{0238B1D9-BD98-4E27-A071-3DE089E0997B}"
EndProject
Global
	GlobalSection(SolutionConfigurationPlatforms) = preSolution
		Debug|Any CPU = Debug|Any CPU
		Release|Any CPU = Release|Any CPU
	EndGlobalSection
	GlobalSection(ProjectConfigurationPlatforms) = postSolution
		{9331EF5C-EDBB-4291-B41D-E8AB4D1CBE52}.Debug|Any CPU.ActiveCfg = Debug|Any CPU
		{9331EF5C-EDBB-4291-B41D-E8AB4D1CBE52}.Debug|Any CPU.Build.0 = Debug|Any CPU
		{9331EF5C-EDBB-4291-B41D-E8AB4D1CBE52}.Release|Any CPU.ActiveCfg = Release|Any CPU
		{9331EF5C-EDBB-4291-B41D-E8AB4D1CBE52}.Release|Any CPU.Build.0 = Release|Any CPU
		{DADF5AA5-6472-4582-8FB0-B5F65BEC49D6}.Debug|Any CPU.ActiveCfg = Debug|Any CPU
		{DADF5AA5-6472-4582-8FB0-B5F65BEC49D6}.Debug|Any CPU.Build.0 = Debug|Any CPU
		{DADF5AA5-6472-4582-8FB0-B5F65BEC49D6}.Release|Any CPU.ActiveCfg = Release|Any CPU
		{DADF5AA5-6472-4582-8FB0-B5F65BEC49D6}.Release|Any CPU.Build.0 = Release|Any CPU
		{EE625854-855C-4FE6-96B3-9EC251874223}.Debug|Any CPU.ActiveCfg = Debug|Any CPU
		{EE625854-855C-4FE6-96B3-9EC251874223}.Debug|Any CPU.Build.0 = Debug|Any CPU
		{EE625854-855C-4FE6-96B3-9EC251874223}.Release|Any CPU.ActiveCfg = Release|Any CPU
		{EE625854-855C-4FE6-96B3-9EC251874223}.Release|Any CPU.Build.0 = Release|Any CPU
		{0238B1D9-BD98-4E27-A071-3DE089E0997B}.Debug|Any CPU.ActiveCfg = Debug|Any CPU
		{0238B1D9-BD98-4E27-A071-3DE089E0997B}.Debug|Any CPU.Build.0 = Debug|Any CPU
		{0238B1D9-BD98-4E27-A071-3DE089E0997B}.Release|Any CPU.ActiveCfg = Release|Any CPU
		{0238B1D9-BD98-4E27-A071-3DE089E0997B}.Release|Any CPU.Build.0 = Release|Any CPU
	EndGlobalSection
	GlobalSection(SolutionProperties) = preSolution
		HideSolutionNode = FALSE
	EndGlobalSection
	GlobalSection(ExtensibilityGlobals) = postSolution
		SolutionGuid = {2ED3DA2E-4F7D-4F5D-B379-8792664BB744}
	EndGlobalSection
EndGlobal
